
Microsoft Visual Studio Solution File, Format Version 12.00
# Visual Studio Version 17
VisualStudioVersion = 17.9.34723.18
MinimumVisualStudioVersion = 10.0.40219.1
Project("{FAE04EC0-301F-11D3-BF4B-00C04F79EFBC}") = "KeePassWinHello", "KeePassWinHello.csproj", "{6A249FA1-3F87-4C81-8D31-6BDF62308F48}"
EndProject
Project("{9A19103F-16F7-4668-BE54-9A1E7A4F7556}") = "KeePassWinHello.Debug", "KeePassWinHello.Debug.csproj", "{04F6B0AF-A8EE-4A6E-AD4F-45F714724D24}"
EndProject
Project("{2150E333-8FDC-42A3-9474-1A3956D46DE8}") = "Solution Items", "Solution Items", "{625E9E68-EB36-4C26-A68E-0F1747D0A22E}"
	ProjectSection(SolutionItems) = preProject
		..\.gitattributes = ..\.gitattributes
		..\.gitignore = ..\.gitignore
		..\.travis.yml = ..\.travis.yml
		..\Deploy-Plugin.ps1 = ..\Deploy-Plugin.ps1
		..\keepass.version = ..\keepass.version
		..\LICENSE = ..\LICENSE
		..\Logo.svg = ..\Logo.svg
		..\Pack-Plugin.ps1 = ..\Pack-Plugin.ps1
		..\ReadMe.md = ..\ReadMe.md
		..\ReleaseNotes.md = ..\ReleaseNotes.md
		..\sonar-project.properties = ..\sonar-project.properties
	EndProjectSection
EndProject
Global
	GlobalSection(SolutionConfigurationPlatforms) = preSolution
		Debug|Any CPU = Debug|Any CPU
		DebugDummy|Any CPU = DebugDummy|Any CPU
		Release|Any CPU = Release|Any CPU
	EndGlobalSection
	GlobalSection(ProjectConfigurationPlatforms) = postSolution
		{6A249FA1-3F87-4C81-8D31-6BDF62308F48}.Debug|Any CPU.ActiveCfg = Debug|Any CPU
		{6A249FA1-3F87-4C81-8D31-6BDF62308F48}.Debug|Any CPU.Build.0 = Debug|Any CPU
		{6A249FA1-3F87-4C81-8D31-6BDF62308F48}.DebugDummy|Any CPU.ActiveCfg = Debug|Any CPU
		{6A249FA1-3F87-4C81-8D31-6BDF62308F48}.Release|Any CPU.ActiveCfg = Release|Any CPU
		{6A249FA1-3F87-4C81-8D31-6BDF62308F48}.Release|Any CPU.Build.0 = Release|Any CPU
		{04F6B0AF-A8EE-4A6E-AD4F-45F714724D24}.Debug|Any CPU.ActiveCfg = Debug|Any CPU
		{04F6B0AF-A8EE-4A6E-AD4F-45F714724D24}.Debug|Any CPU.Build.0 = Debug|Any CPU
		{04F6B0AF-A8EE-4A6E-AD4F-45F714724D24}.DebugDummy|Any CPU.ActiveCfg = DebugDummy|Any CPU
		{04F6B0AF-A8EE-4A6E-AD4F-45F714724D24}.DebugDummy|Any CPU.Build.0 = DebugDummy|Any CPU
		{04F6B0AF-A8EE-4A6E-AD4F-45F714724D24}.Release|Any CPU.ActiveCfg = Release|Any CPU
		{04F6B0AF-A8EE-4A6E-AD4F-45F714724D24}.Release|Any CPU.Build.0 = Release|Any CPU
	EndGlobalSection
	GlobalSection(SolutionProperties) = preSolution
		HideSolutionNode = FALSE
	EndGlobalSection
	GlobalSection(ExtensibilityGlobals) = postSolution
		SolutionGuid = {DB66062A-3D8C-4E69-BE1D-0E7876359A30}
	EndGlobalSection
EndGlobal
